// !$*UTF8*$!
{
	archiveVersion = 1;
	classes = {
	};
	objectVersion = 50;
	objects = {

/* Begin PBXBuildFile section */
		257CD01A210B4728009E2861 /* AppDelegate.swift in Sources */ = {isa = PBXBuildFile; fileRef = 257CD019210B4728009E2861 /* AppDelegate.swift */; };
		257CD01C210B4728009E2861 /* FeaturedAppsController.swift in Sources */ = {isa = PBXBuildFile; fileRef = 257CD01B210B4728009E2861 /* FeaturedAppsController.swift */; };
		257CD01F210B4728009E2861 /* Main.storyboard in Resources */ = {isa = PBXBuildFile; fileRef = 257CD01D210B4728009E2861 /* Main.storyboard */; };
		257CD021210B472B009E2861 /* Assets.xcassets in Resources */ = {isa = PBXBuildFile; fileRef = 257CD020210B472B009E2861 /* Assets.xcassets */; };
		257CD024210B472B009E2861 /* LaunchScreen.storyboard in Resources */ = {isa = PBXBuildFile; fileRef = 257CD022210B472B009E2861 /* LaunchScreen.storyboard */; };
		257CD02C210B4C86009E2861 /* CategoryCell.swift in Sources */ = {isa = PBXBuildFile; fileRef = 257CD02B210B4C86009E2861 /* CategoryCell.swift */; };
/* End PBXBuildFile section */

/* Begin PBXFileReference section */
		257CD016210B4728009E2861 /* RebuildAppStore.app */ = {isa = PBXFileReference; explicitFileType = wrapper.application; includeInIndex = 0; path = RebuildAppStore.app; sourceTree = BUILT_PRODUCTS_DIR; };
		257CD019210B4728009E2861 /* AppDelegate.swift */ = {isa = PBXFileReference; lastKnownFileType = sourcecode.swift; path = AppDelegate.swift; sourceTree = "<group>"; };
		257CD01B210B4728009E2861 /* FeaturedAppsController.swift */ = {isa = PBXFileReference; lastKnownFileType = sourcecode.swift; path = FeaturedAppsController.swift; sourceTree = "<group>"; };
		257CD01E210B4728009E2861 /* Base */ = {isa = PBXFileReference; lastKnownFileType = file.storyboard; name = Base; path = Base.lproj/Main.storyboard; sourceTree = "<group>"; };
		257CD020210B472B009E2861 /* Assets.xcassets */ = {isa = PBXFileReference; lastKnownFileType = folder.assetcatalog; path = Assets.xcassets; sourceTree = "<group>"; };
		257CD023210B472B009E2861 /* Base */ = {isa = PBXFileReference; lastKnownFileType = file.storyboard; name = Base; path = Base.lproj/LaunchScreen.storyboard; sourceTree = "<group>"; };
		257CD025210B472B009E2861 /* Info.plist */ = {isa = PBXFileReference; lastKnownFileType = text.plist.xml; path = Info.plist; sourceTree = "<group>"; };
		257CD02B210B4C86009E2861 /* CategoryCell.swift */ = {isa = PBXFileReference; lastKnownFileType = sourcecode.swift; path = CategoryCell.swift; sourceTree = "<group>"; };
/* End PBXFileReference section */

/* Begin PBXFrameworksBuildPhase section */
		257CD013210B4728009E2861 /* Frameworks */ = {
			isa = PBXFrameworksBuildPhase;
			buildActionMask = 2147483647;
			files = (
			);
			runOnlyForDeploymentPostprocessing = 0;
		};
/* End PBXFrameworksBuildPhase section */

/* Begin PBXGroup section */
		257CD00D210B4728009E2861 = {
			isa = PBXGroup;
			children = (
				257CD018210B4728009E2861 /* RebuildAppStore */,
				257CD017210B4728009E2861 /* Products */,
			);
			sourceTree = "<group>";
		};
		257CD017210B4728009E2861 /* Products */ = {
			isa = PBXGroup;
			children = (
				257CD016210B4728009E2861 /* RebuildAppStore.app */,
			);
			name = Products;
			sourceTree = "<group>";
		};
		257CD018210B4728009E2861 /* RebuildAppStore */ = {
			isa = PBXGroup;
			children = (
				257CD019210B4728009E2861 /* AppDelegate.swift */,
				257CD01B210B4728009E2861 /* FeaturedAppsController.swift */,
				257CD01D210B4728009E2861 /* Main.storyboard */,
				257CD020210B472B009E2861 /* Assets.xcassets */,
				257CD022210B472B009E2861 /* LaunchScreen.storyboard */,
				257CD025210B472B009E2861 /* Info.plist */,
				257CD02B210B4C86009E2861 /* CategoryCell.swift */,
			);
			path = RebuildAppStore;
			sourceTree = "<group>";
		};
/* End PBXGroup section */

/* Begin PBXNativeTarget section */
		257CD015210B4728009E2861 /* RebuildAppStore */ = {
			isa = PBXNativeTarget;
			buildConfigurationList = 257CD028210B472B009E2861 /* Build configuration list for PBXNativeTarget "RebuildAppStore" */;
			buildPhases = (
				257CD012210B4728009E2861 /* Sources */,
				257CD013210B4728009E2861 /* Frameworks */,
				257CD014210B4728009E2861 /* Resources */,
			);
			buildRules = (
			);
			dependencies = (
			);
			name = RebuildAppStore;
			productName = RebuildAppStore;
			productReference = 257CD016210B4728009E2861 /* RebuildAppStore.app */;
			productType = "com.apple.product-type.application";
		};
/* End PBXNativeTarget section */

/* Begin PBXProject section */
		257CD00E210B4728009E2861 /* Project object */ = {
			isa = PBXProject;
			attributes = {
				LastSwiftUpdateCheck = 0940;
				LastUpgradeCheck = 0940;
				ORGANIZATIONNAME = RickYip;
				TargetAttributes = {
					257CD015210B4728009E2861 = {
						CreatedOnToolsVersion = 9.4.1;
					};
				};
			};
			buildConfigurationList = 257CD011210B4728009E2861 /* Build configuration list for PBXProject "RebuildAppStore" */;
			compatibilityVersion = "Xcode 9.3";
			developmentRegion = en;
			hasScannedForEncodings = 0;
			knownRegions = (
				en,
				Base,
			);
			mainGroup = 257CD00D210B4728009E2861;
			productRefGroup = 257CD017210B4728009E2861 /* Products */;
			projectDirPath = "";
			projectRoot = "";
			targets = (
				257CD015210B4728009E2861 /* RebuildAppStore */,
			);
		};
/* End PBXProject section */

/* Begin PBXResourcesBuildPhase section */
		257CD014210B4728009E2861 /* Resources */ = {
			isa = PBXResourcesBuildPhase;
			buildActionMask = 2147483647;
			files = (
				257CD024210B472B009E2861 /* LaunchScreen.storyboard in Resources */,
				257CD021210B472B009E2861 /* Assets.xcassets in Resources */,
				257CD01F210B4728009E2861 /* Main.storyboard in Resources */,
			);
			runOnlyForDeploymentPostprocessing = 0;
		};
/* End PBXResourcesBuildPhase section */

/* Begin PBXSourcesBuildPhase section */
		257CD012210B4728009E2861 /* Sources */ = {
			isa = PBXSourcesBuildPhase;
			buildActionMask = 2147483647;
			files = (
				257CD01C210B4728009E2861 /* FeaturedAppsController.swift in Sources */,
				257CD01A210B4728009E2861 /* AppDelegate.swift in Sources */,
				257CD02C210B4C86009E2861 /* CategoryCell.swift in Sources */,
			);
			runOnlyForDeploymentPostprocessing = 0;
		};
/* End PBXSourcesBuildPhase section */

/* Begin PBXVariantGroup section */
		257CD01D210B4728009E2861 /* Main.storyboard */ = {
			isa = PBXVariantGroup;
			children = (
				257CD01E210B4728009E2861 /* Base */,
			);
			name = Main.storyboard;
			sourceTree = "<group>";
		};
		257CD022210B472B009E2861 /* LaunchScreen.storyboard */ = {
			isa = PBXVariantGroup;
			children = (
				257CD023210B472B009E2861 /* Base */,
			);
			name = LaunchScreen.storyboard;
			sourceTree = "<group>";
		};
/* End PBXVariantGroup section */

/* Begin XCBuildConfiguration section */
		257CD026210B472B009E2861 /* Debug */ = {
			isa = XCBuildConfiguration;
			buildSettings = {
				ALWAYS_SEARCH_USER_PATHS = NO;
				CLANG_ANALYZER_NONNULL = YES;
				CLANG_ANALYZER_NUMBER_OBJECT_CONVERSION = YES_AGGRESSIVE;
				CLANG_CXX_LANGUAGE_STANDARD = "gnu++14";
				CLANG_CXX_LIBRARY = "libc++";
				CLANG_ENABLE_MODULES = YES;
				CLANG_ENABLE_OBJC_ARC = YES;
				CLANG_ENABLE_OBJC_WEAK = YES;
				CLANG_WARN_BLOCK_CAPTURE_AUTORELEASING = YES;
				CLANG_WARN_BOOL_CONVERSION = YES;
				CLANG_WARN_COMMA = YES;
				CLANG_WARN_CONSTANT_CONVERSION = YES;
				CLANG_WARN_DEPRECATED_OBJC_IMPLEMENTATIONS = YES;
				CLANG_WARN_DIRECT_OBJC_ISA_USAGE = YES_ERROR;
				CLANG_WARN_DOCUMENTATION_COMMENTS = YES;
				CLANG_WARN_EMPTY_BODY = YES;
				CLANG_WARN_ENUM_CONVERSION = YES;
				CLANG_WARN_INFINITE_RECURSION = YES;
				CLANG_WARN_INT_CONVERSION = YES;
				CLANG_WARN_NON_LITERAL_NULL_CONVERSION = YES;
				CLANG_WARN_OBJC_IMPLICIT_RETAIN_SELF = YES;
				CLANG_WARN_OBJC_LITERAL_CONVERSION = YES;
				CLANG_WARN_OBJC_ROOT_CLASS = YES_ERROR;
				CLANG_WARN_RANGE_LOOP_ANALYSIS = YES;
				CLANG_WARN_STRICT_PROTOTYPES = YES;
				CLANG_WARN_SUSPICIOUS_MOVE = YES;
				CLANG_WARN_UNGUARDED_AVAILABILITY = YES_AGGRESSIVE;
				CLANG_WARN_UNREACHABLE_CODE = YES;
				CLANG_WARN__DUPLICATE_METHOD_MATCH = YES;
				CODE_SIGN_IDENTITY = "iPhone Developer";
				COPY_PHASE_STRIP = NO;
				DEBUG_INFORMATION_FORMAT = dwarf;
				ENABLE_STRICT_OBJC_MSGSEND = YES;
				ENABLE_TESTABILITY = YES;
				GCC_C_LANGUAGE_STANDARD = gnu11;
				GCC_DYNAMIC_NO_PIC = NO;
				GCC_NO_COMMON_BLOCKS = YES;
				GCC_OPTIMIZATION_LEVEL = 0;
				GCC_PREPROCESSOR_DEFINITIONS = (
					"DEBUG=1",
					"$(inherited)",
				);
				GCC_WARN_64_TO_32_BIT_CONVERSION = YES;
				GCC_WARN_ABOUT_RETURN_TYPE = YES_ERROR;
				GCC_WARN_UNDECLARED_SELECTOR = YES;
				GCC_WARN_UNINITIALIZED_AUTOS = YES_AGGRESSIVE;
				GCC_WARN_UNUSED_FUNCTION = YES;
				GCC_WARN_UNUSED_VARIABLE = YES;
				IPHONEOS_DEPLOYMENT_TARGET = 11.4;
				MTL_ENABLE_DEBUG_INFO = YES;
				ONLY_ACTIVE_ARCH = YES;
				SDKROOT = iphoneos;
				SWIFT_ACTIVE_COMPILATION_CONDITIONS = DEBUG;
				SWIFT_OPTIMIZATION_LEVEL = "-Onone";
			};
			name = Debug;
		};
		257CD027210B472B009E2861 /* Release */ = {
			isa = XCBuildConfiguration;
			buildSettings = {
				ALWAYS_SEARCH_USER_PATHS = NO;
				CLANG_ANALYZER_NONNULL = YES;
				CLANG_ANALYZER_NUMBER_OBJECT_CONVERSION = YES_AGGRESSIVE;
				CLANG_CXX_LANGUAGE_STANDARD = "gnu++14";
				CLANG_CXX_LIBRARY = "libc++";
				CLANG_ENABLE_MODULES = YES;
				CLANG_ENABLE_OBJC_ARC = YES;
				CLANG_ENABLE_OBJC_WEAK = YES;
				CLANG_WARN_BLOCK_CAPTURE_AUTORELEASING = YES;
				CLANG_WARN_BOOL_CONVERSION = YES;
				CLANG_WARN_COMMA = YES;
				CLANG_WARN_CONSTANT_CONVERSION = YES;
				CLANG_WARN_DEPRECATED_OBJC_IMPLEMENTATIONS = YES;
				CLANG_WARN_DIRECT_OBJC_ISA_USAGE = YES_ERROR;
				CLANG_WARN_DOCUMENTATION_COMMENTS = YES;
				CLANG_WARN_EMPTY_BODY = YES;
				CLANG_WARN_ENUM_CONVERSION = YES;
				CLANG_WARN_INFINITE_RECURSION = YES;
				CLANG_WARN_INT_CONVERSION = YES;
				CLANG_WARN_NON_LITERAL_NULL_CONVERSION = YES;
				CLANG_WARN_OBJC_IMPLICIT_RETAIN_SELF = YES;
				CLANG_WARN_OBJC_LITERAL_CONVERSION = YES;
				CLANG_WARN_OBJC_ROOT_CLASS = YES_ERROR;
				CLANG_WARN_RANGE_LOOP_ANALYSIS = YES;
				CLANG_WARN_STRICT_PROTOTYPES = YES;
				CLANG_WARN_SUSPICIOUS_MOVE = YES;
				CLANG_WARN_UNGUARDED_AVAILABILITY = YES_AGGRESSIVE;
				CLANG_WARN_UNREACHABLE_CODE = YES;
				CLANG_WARN__DUPLICATE_METHOD_MATCH = YES;
				CODE_SIGN_IDENTITY = "iPhone Developer";
				COPY_PHASE_STRIP = NO;
				DEBUG_INFORMATION_FORMAT = "dwarf-with-dsym";
				ENABLE_NS_ASSERTIONS = NO;
				ENABLE_STRICT_OBJC_MSGSEND = YES;
				GCC_C_LANGUAGE_STANDARD = gnu11;
				GCC_NO_COMMON_BLOCKS = YES;
				GCC_WARN_64_TO_32_BIT_CONVERSION = YES;
				GCC_WARN_ABOUT_RETURN_TYPE = YES_ERROR;
				GCC_WARN_UNDECLARED_SELECTOR = YES;
				GCC_WARN_UNINITIALIZED_AUTOS = YES_AGGRESSIVE;
				GCC_WARN_UNUSED_FUNCTION = YES;
				GCC_WARN_UNUSED_VARIABLE = YES;
				IPHONEOS_DEPLOYMENT_TARGET = 11.4;
				MTL_ENABLE_DEBUG_INFO = NO;
				SDKROOT = iphoneos;
				SWIFT_COMPILATION_MODE = wholemodule;
				SWIFT_OPTIMIZATION_LEVEL = "-O";
				VALIDATE_PRODUCT = YES;
			};
			name = Release;
		};
		257CD029210B472B009E2861 /* Debug */ = {
			isa = XCBuildConfiguration;
			buildSettings = {
				ASSETCATALOG_COMPILER_APPICON_NAME = AppIcon;
				CODE_SIGN_STYLE = Automatic;
				DEVELOPMENT_TEAM = P2FT5ZYKGW;
				INFOPLIST_FILE = RebuildAppStore/Info.plist;
				LD_RUNPATH_SEARCH_PATHS = (
					"$(inherited)",
					"@executable_path/Frameworks",
				);
				PRODUCT_BUNDLE_IDENTIFIER = com.yipkaming.RebuildAppStore;
				PRODUCT_NAME = "$(TARGET_NAME)";
				SWIFT_VERSION = 4.0;
				TARGETED_DEVICE_FAMILY = "1,2";
			};
			name = Debug;
		};
		257CD02A210B472B009E2861 /* Release */ = {
			isa = XCBuildConfiguration;
			buildSettings = {
				ASSETCATALOG_COMPILER_APPICON_NAME = AppIcon;
				CODE_SIGN_STYLE = Automatic;
				DEVELOPMENT_TEAM = P2FT5ZYKGW;
				INFOPLIST_FILE = RebuildAppStore/Info.plist;
				LD_RUNPATH_SEARCH_PATHS = (
					"$(inherited)",
					"@executable_path/Frameworks",
				);
				PRODUCT_BUNDLE_IDENTIFIER = com.yipkaming.RebuildAppStore;
				PRODUCT_NAME = "$(TARGET_NAME)";
				SWIFT_VERSION = 4.0;
				TARGETED_DEVICE_FAMILY = "1,2";
			};
			name = Release;
		};
/* End XCBuildConfiguration section */

/* Begin XCConfigurationList section */
		257CD011210B4728009E2861 /* Build configuration list for PBXProject "RebuildAppStore" */ = {
			isa = XCConfigurationList;
			buildConfigurations = (
				257CD026210B472B009E2861 /* Debug */,
				257CD027210B472B009E2861 /* Release */,
			);
			defaultConfigurationIsVisible = 0;
			defaultConfigurationName = Release;
		};
		257CD028210B472B009E2861 /* Build configuration list for PBXNativeTarget "RebuildAppStore" */ = {
			isa = XCConfigurationList;
			buildConfigurations = (
				257CD029210B472B009E2861 /* Debug */,
				257CD02A210B472B009E2861 /* Release */,
			);
			defaultConfigurationIsVisible = 0;
			defaultConfigurationName = Release;
		};
/* End XCConfigurationList section */
	};
	rootObject = 257CD00E210B4728009E2861 /* Project object */;
}
